
Microsoft Visual Studio Solution File, Format Version 12.00
# Visual Studio Version 16
VisualStudioVersion = 16.0.809.4
MinimumVisualStudioVersion = 10.0.40219.1
Project("{FAE04EC0-301F-11D3-BF4B-00C04F79EFBC}") = "computorv1", "computorv1\computorv1.csproj", "{03B3A60A-D343-47C5-A424-7C62E64E9C55}"
EndProject
Global
	GlobalSection(SolutionConfigurationPlatforms) = preSolution
		Debug|Any CPU = Debug|Any CPU
		Release|Any CPU = Release|Any CPU
	EndGlobalSection
	GlobalSection(ProjectConfigurationPlatforms) = postSolution
		{03B3A60A-D343-47C5-A424-7C62E64E9C55}.Debug|Any CPU.ActiveCfg = Debug|Any CPU
		{03B3A60A-D343-47C5-A424-7C62E64E9C55}.Debug|Any CPU.Build.0 = Debug|Any CPU
		{03B3A60A-D343-47C5-A424-7C62E64E9C55}.Release|Any CPU.ActiveCfg = Release|Any CPU
		{03B3A60A-D343-47C5-A424-7C62E64E9C55}.Release|Any CPU.Build.0 = Release|Any CPU
	EndGlobalSection
	GlobalSection(SolutionProperties) = preSolution
		HideSolutionNode = FALSE
	EndGlobalSection
	GlobalSection(ExtensibilityGlobals) = postSolution
		SolutionGuid = {95F717B2-6E7E-4C9C-8614-2922B87251C8}
	EndGlobalSection
	GlobalSection(MonoDevelopProperties) = preSolution
		Policies = $0
		$0.VersionControlPolicy = $1
		$0.DotNetNamingPolicy = $2
		$2.DirectoryNamespaceAssociation = PrefixedHierarchical
		$0.TextStylePolicy = $3
		$3.inheritsSet = null
		$3.scope = text/x-csharp
		$0.CSharpFormattingPolicy = $4
		$4.scope = text/x-csharp
		$0.StandardHeader = $5
	EndGlobalSection
EndGlobal
